# This file is autogenerated, do not edit; changes may be undone by the next 'dep ensure'.


[[projects]]
  branch = "master"
  name = "github.com/florintiucrapopa/language"
  packages = ["mapper"]
  revision = "8858ea60664127b76afab1c6744b96e4fb11bd6e"

[[projects]]
  branch = "master"
  name = "github.com/rylans/getlang"
  packages = ["."]
  revision = "0a0f3a5aed5d93ca39afc363bd771cfa49e431d3"

[[projects]]
  name = "golang.org/x/text"
  packages = [
    "internal/format",
    "internal/gen",
    "internal/language",
    "internal/language/compact",
    "internal/tag",
    "language",
    "language/display",
    "unicode/cldr"
  ]
  revision = "342b2e1fbaa52c93f31447ad2c6abc048c63e475"
  version = "v0.3.2"

[solve-meta]
  analyzer-name = "dep"
  analyzer-version = 1
  inputs-digest = "4acc2a3d61eb3c2f194cd22da3e84f0b2bb3a7305bc49fa691a82e96d925f97b"
  solver-name = "gps-cdcl"
  solver-version = 1
